
Microsoft Visual Studio Solution File, Format Version 12.00
# Visual Studio 15
VisualStudioVersion = 15.0.27004.2002
MinimumVisualStudioVersion = 10.0.40219.1
Project("{2150E333-8FDC-42A3-9474-1A3956D46DE8}") = "Solution Items", "Solution Items", "{8B84A077-06D0-459C-89F7-52D685E5AAAD}"
	ProjectSection(SolutionItems) = preProject
		README.md = README.md
	EndProjectSection
EndProject
Project("{D954291E-2A0B-460D-934E-DC6B0785DB48}") = "ProvisioningApp", "ProvisioningApp\ProvisioningApp\ProvisioningApp.shproj", "{76091A58-023E-47DD-81B0-9695F1BF070D}"
EndProject
Project("{FAE04EC0-301F-11D3-BF4B-00C04F79EFBC}") = "ProvisioningApp.Android", "ProvisioningApp\ProvisioningApp.Android\ProvisioningApp.Android.csproj", "{0E2AA0D0-2309-4E38-A601-470011D51275}"
EndProject
Project("{FAE04EC0-301F-11D3-BF4B-00C04F79EFBC}") = "ProvisioningApp.iOS", "ProvisioningApp\ProvisioningApp.iOS\ProvisioningApp.iOS.csproj", "{89D52F19-AF8F-43E2-930E-BDBEF749406C}"
EndProject
Project("{FAE04EC0-301F-11D3-BF4B-00C04F79EFBC}") = "ProvisioningApp.UWP", "ProvisioningApp\ProvisioningApp.UWP\ProvisioningApp.UWP.csproj", "{3785160A-7BD9-4306-BB5C-1001C70AF922}"
EndProject
Global
	GlobalSection(SharedMSBuildProjectFiles) = preSolution
		ProvisioningApp\ProvisioningApp\ProvisioningApp.projitems*{0e2aa0d0-2309-4e38-a601-470011d51275}*SharedItemsImports = 4
		ProvisioningApp\ProvisioningApp\ProvisioningApp.projitems*{76091a58-023e-47dd-81b0-9695f1bf070d}*SharedItemsImports = 13
		ProvisioningApp\ProvisioningApp\ProvisioningApp.projitems*{89d52f19-af8f-43e2-930e-bdbef749406c}*SharedItemsImports = 4
	EndGlobalSection
	GlobalSection(SolutionConfigurationPlatforms) = preSolution
		Ad-Hoc|Any CPU = Ad-Hoc|Any CPU
		Ad-Hoc|ARM = Ad-Hoc|ARM
		Ad-Hoc|iPhone = Ad-Hoc|iPhone
		Ad-Hoc|iPhoneSimulator = Ad-Hoc|iPhoneSimulator
		Ad-Hoc|x64 = Ad-Hoc|x64
		Ad-Hoc|x86 = Ad-Hoc|x86
		AppStore|Any CPU = AppStore|Any CPU
		AppStore|ARM = AppStore|ARM
		AppStore|iPhone = AppStore|iPhone
		AppStore|iPhoneSimulator = AppStore|iPhoneSimulator
		AppStore|x64 = AppStore|x64
		AppStore|x86 = AppStore|x86
		Debug|Any CPU = Debug|Any CPU
		Debug|ARM = Debug|ARM
		Debug|iPhone = Debug|iPhone
		Debug|iPhoneSimulator = Debug|iPhoneSimulator
		Debug|x64 = Debug|x64
		Debug|x86 = Debug|x86
		Release|Any CPU = Release|Any CPU
		Release|ARM = Release|ARM
		Release|iPhone = Release|iPhone
		Release|iPhoneSimulator = Release|iPhoneSimulator
		Release|x64 = Release|x64
		Release|x86 = Release|x86
	EndGlobalSection
	GlobalSection(ProjectConfigurationPlatforms) = postSolution
		{0E2AA0D0-2309-4E38-A601-470011D51275}.Ad-Hoc|Any CPU.ActiveCfg = Release|Any CPU
		{0E2AA0D0-2309-4E38-A601-470011D51275}.Ad-Hoc|Any CPU.Build.0 = Release|Any CPU
		{0E2AA0D0-2309-4E38-A601-470011D51275}.Ad-Hoc|Any CPU.Deploy.0 = Release|Any CPU
		{0E2AA0D0-2309-4E38-A601-470011D51275}.Ad-Hoc|ARM.ActiveCfg = Release|Any CPU
		{0E2AA0D0-2309-4E38-A601-470011D51275}.Ad-Hoc|ARM.Build.0 = Release|Any CPU
		{0E2AA0D0-2309-4E38-A601-470011D51275}.Ad-Hoc|ARM.Deploy.0 = Release|Any CPU
		{0E2AA0D0-2309-4E38-A601-470011D51275}.Ad-Hoc|iPhone.ActiveCfg = Release|Any CPU
		{0E2AA0D0-2309-4E38-A601-470011D51275}.Ad-Hoc|iPhone.Build.0 = Release|Any CPU
		{0E2AA0D0-2309-4E38-A601-470011D51275}.Ad-Hoc|iPhone.Deploy.0 = Release|Any CPU
		{0E2AA0D0-2309-4E38-A601-470011D51275}.Ad-Hoc|iPhoneSimulator.ActiveCfg = Release|Any CPU
		{0E2AA0D0-2309-4E38-A601-470011D51275}.Ad-Hoc|iPhoneSimulator.Build.0 = Release|Any CPU
		{0E2AA0D0-2309-4E38-A601-470011D51275}.Ad-Hoc|iPhoneSimulator.Deploy.0 = Release|Any CPU
		{0E2AA0D0-2309-4E38-A601-470011D51275}.Ad-Hoc|x64.ActiveCfg = Release|Any CPU
		{0E2AA0D0-2309-4E38-A601-470011D51275}.Ad-Hoc|x64.Build.0 = Release|Any CPU
		{0E2AA0D0-2309-4E38-A601-470011D51275}.Ad-Hoc|x64.Deploy.0 = Release|Any CPU
		{0E2AA0D0-2309-4E38-A601-470011D51275}.Ad-Hoc|x86.ActiveCfg = Release|Any CPU
		{0E2AA0D0-2309-4E38-A601-470011D51275}.Ad-Hoc|x86.Build.0 = Release|Any CPU
		{0E2AA0D0-2309-4E38-A601-470011D51275}.Ad-Hoc|x86.Deploy.0 = Release|Any CPU
		{0E2AA0D0-2309-4E38-A601-470011D51275}.AppStore|Any CPU.ActiveCfg = Release|Any CPU
		{0E2AA0D0-2309-4E38-A601-470011D51275}.AppStore|Any CPU.Build.0 = Release|Any CPU
		{0E2AA0D0-2309-4E38-A601-470011D51275}.AppStore|Any CPU.Deploy.0 = Release|Any CPU
		{0E2AA0D0-2309-4E38-A601-470011D51275}.AppStore|ARM.ActiveCfg = Release|Any CPU
		{0E2AA0D0-2309-4E38-A601-470011D51275}.AppStore|ARM.Build.0 = Release|Any CPU
		{0E2AA0D0-2309-4E38-A601-470011D51275}.AppStore|ARM.Deploy.0 = Release|Any CPU
		{0E2AA0D0-2309-4E38-A601-470011D51275}.AppStore|iPhone.ActiveCfg = Release|Any CPU
		{0E2AA0D0-2309-4E38-A601-470011D51275}.AppStore|iPhone.Build.0 = Release|Any CPU
		{0E2AA0D0-2309-4E38-A601-470011D51275}.AppStore|iPhone.Deploy.0 = Release|Any CPU
		{0E2AA0D0-2309-4E38-A601-470011D51275}.AppStore|iPhoneSimulator.ActiveCfg = Release|Any CPU
		{0E2AA0D0-2309-4E38-A601-470011D51275}.AppStore|iPhoneSimulator.Build.0 = Release|Any CPU
		{0E2AA0D0-2309-4E38-A601-470011D51275}.AppStore|iPhoneSimulator.Deploy.0 = Release|Any CPU
		{0E2AA0D0-2309-4E38-A601-470011D51275}.AppStore|x64.ActiveCfg = Release|Any CPU
		{0E2AA0D0-2309-4E38-A601-470011D51275}.AppStore|x64.Build.0 = Release|Any CPU
		{0E2AA0D0-2309-4E38-A601-470011D51275}.AppStore|x64.Deploy.0 = Release|Any CPU
		{0E2AA0D0-2309-4E38-A601-470011D51275}.AppStore|x86.ActiveCfg = Release|Any CPU
		{0E2AA0D0-2309-4E38-A601-470011D51275}.AppStore|x86.Build.0 = Release|Any CPU
		{0E2AA0D0-2309-4E38-A601-470011D51275}.AppStore|x86.Deploy.0 = Release|Any CPU
		{0E2AA0D0-2309-4E38-A601-470011D51275}.Debug|Any CPU.ActiveCfg = Debug|Any CPU
		{0E2AA0D0-2309-4E38-A601-470011D51275}.Debug|Any CPU.Build.0 = Debug|Any CPU
		{0E2AA0D0-2309-4E38-A601-470011D51275}.Debug|Any CPU.Deploy.0 = Debug|Any CPU
		{0E2AA0D0-2309-4E38-A601-470011D51275}.Debug|ARM.ActiveCfg = Debug|Any CPU
		{0E2AA0D0-2309-4E38-A601-470011D51275}.Debug|ARM.Build.0 = Debug|Any CPU
		{0E2AA0D0-2309-4E38-A601-470011D51275}.Debug|ARM.Deploy.0 = Debug|Any CPU
		{0E2AA0D0-2309-4E38-A601-470011D51275}.Debug|iPhone.ActiveCfg = Debug|Any CPU
		{0E2AA0D0-2309-4E38-A601-470011D51275}.Debug|iPhone.Build.0 = Debug|Any CPU
		{0E2AA0D0-2309-4E38-A601-470011D51275}.Debug|iPhone.Deploy.0 = Debug|Any CPU
		{0E2AA0D0-2309-4E38-A601-470011D51275}.Debug|iPhoneSimulator.ActiveCfg = Debug|Any CPU
		{0E2AA0D0-2309-4E38-A601-470011D51275}.Debug|iPhoneSimulator.Build.0 = Debug|Any CPU
		{0E2AA0D0-2309-4E38-A601-470011D51275}.Debug|iPhoneSimulator.Deploy.0 = Debug|Any CPU
		{0E2AA0D0-2309-4E38-A601-470011D51275}.Debug|x64.ActiveCfg = Debug|Any CPU
		{0E2AA0D0-2309-4E38-A601-470011D51275}.Debug|x64.Build.0 = Debug|Any CPU
		{0E2AA0D0-2309-4E38-A601-470011D51275}.Debug|x64.Deploy.0 = Debug|Any CPU
		{0E2AA0D0-2309-4E38-A601-470011D51275}.Debug|x86.ActiveCfg = Debug|Any CPU
		{0E2AA0D0-2309-4E38-A601-470011D51275}.Debug|x86.Build.0 = Debug|Any CPU
		{0E2AA0D0-2309-4E38-A601-470011D51275}.Debug|x86.Deploy.0 = Debug|Any CPU
		{0E2AA0D0-2309-4E38-A601-470011D51275}.Release|Any CPU.ActiveCfg = Release|Any CPU
		{0E2AA0D0-2309-4E38-A601-470011D51275}.Release|Any CPU.Build.0 = Release|Any CPU
		{0E2AA0D0-2309-4E38-A601-470011D51275}.Release|Any CPU.Deploy.0 = Release|Any CPU
		{0E2AA0D0-2309-4E38-A601-470011D51275}.Release|ARM.ActiveCfg = Release|Any CPU
		{0E2AA0D0-2309-4E38-A601-470011D51275}.Release|ARM.Build.0 = Release|Any CPU
		{0E2AA0D0-2309-4E38-A601-470011D51275}.Release|ARM.Deploy.0 = Release|Any CPU
		{0E2AA0D0-2309-4E38-A601-470011D51275}.Release|iPhone.ActiveCfg = Release|Any CPU
		{0E2AA0D0-2309-4E38-A601-470011D51275}.Release|iPhone.Build.0 = Release|Any CPU
		{0E2AA0D0-2309-4E38-A601-470011D51275}.Release|iPhone.Deploy.0 = Release|Any CPU
		{0E2AA0D0-2309-4E38-A601-470011D51275}.Release|iPhoneSimulator.ActiveCfg = Release|Any CPU
		{0E2AA0D0-2309-4E38-A601-470011D51275}.Release|iPhoneSimulator.Build.0 = Release|Any CPU
		{0E2AA0D0-2309-4E38-A601-470011D51275}.Release|iPhoneSimulator.Deploy.0 = Release|Any CPU
		{0E2AA0D0-2309-4E38-A601-470011D51275}.Release|x64.ActiveCfg = Release|Any CPU
		{0E2AA0D0-2309-4E38-A601-470011D51275}.Release|x64.Build.0 = Release|Any CPU
		{0E2AA0D0-2309-4E38-A601-470011D51275}.Release|x64.Deploy.0 = Release|Any CPU
		{0E2AA0D0-2309-4E38-A601-470011D51275}.Release|x86.ActiveCfg = Release|Any CPU
		{0E2AA0D0-2309-4E38-A601-470011D51275}.Release|x86.Build.0 = Release|Any CPU
		{0E2AA0D0-2309-4E38-A601-470011D51275}.Release|x86.Deploy.0 = Release|Any CPU
		{89D52F19-AF8F-43E2-930E-BDBEF749406C}.Ad-Hoc|Any CPU.ActiveCfg = Ad-Hoc|iPhoneSimulator
		{89D52F19-AF8F-43E2-930E-BDBEF749406C}.Ad-Hoc|ARM.ActiveCfg = Ad-Hoc|iPhone
		{89D52F19-AF8F-43E2-930E-BDBEF749406C}.Ad-Hoc|iPhone.ActiveCfg = Ad-Hoc|iPhone
		{89D52F19-AF8F-43E2-930E-BDBEF749406C}.Ad-Hoc|iPhone.Build.0 = Ad-Hoc|iPhone
		{89D52F19-AF8F-43E2-930E-BDBEF749406C}.Ad-Hoc|iPhoneSimulator.ActiveCfg = Ad-Hoc|iPhoneSimulator
		{89D52F19-AF8F-43E2-930E-BDBEF749406C}.Ad-Hoc|iPhoneSimulator.Build.0 = Ad-Hoc|iPhoneSimulator
		{89D52F19-AF8F-43E2-930E-BDBEF749406C}.Ad-Hoc|x64.ActiveCfg = Ad-Hoc|iPhone
		{89D52F19-AF8F-43E2-930E-BDBEF749406C}.Ad-Hoc|x86.ActiveCfg = Ad-Hoc|iPhone
		{89D52F19-AF8F-43E2-930E-BDBEF749406C}.AppStore|Any CPU.ActiveCfg = AppStore|iPhoneSimulator
		{89D52F19-AF8F-43E2-930E-BDBEF749406C}.AppStore|ARM.ActiveCfg = AppStore|iPhone
		{89D52F19-AF8F-43E2-930E-BDBEF749406C}.AppStore|iPhone.ActiveCfg = AppStore|iPhone
		{89D52F19-AF8F-43E2-930E-BDBEF749406C}.AppStore|iPhone.Build.0 = AppStore|iPhone
		{89D52F19-AF8F-43E2-930E-BDBEF749406C}.AppStore|iPhoneSimulator.ActiveCfg = AppStore|iPhoneSimulator
		{89D52F19-AF8F-43E2-930E-BDBEF749406C}.AppStore|iPhoneSimulator.Build.0 = AppStore|iPhoneSimulator
		{89D52F19-AF8F-43E2-930E-BDBEF749406C}.AppStore|x64.ActiveCfg = AppStore|iPhone
		{89D52F19-AF8F-43E2-930E-BDBEF749406C}.AppStore|x86.ActiveCfg = AppStore|iPhone
		{89D52F19-AF8F-43E2-930E-BDBEF749406C}.Debug|Any CPU.ActiveCfg = Debug|iPhoneSimulator
		{89D52F19-AF8F-43E2-930E-BDBEF749406C}.Debug|ARM.ActiveCfg = Debug|iPhone
		{89D52F19-AF8F-43E2-930E-BDBEF749406C}.Debug|iPhone.ActiveCfg = Debug|iPhone
		{89D52F19-AF8F-43E2-930E-BDBEF749406C}.Debug|iPhone.Build.0 = Debug|iPhone
		{89D52F19-AF8F-43E2-930E-BDBEF749406C}.Debug|iPhoneSimulator.ActiveCfg = Debug|iPhoneSimulator
		{89D52F19-AF8F-43E2-930E-BDBEF749406C}.Debug|iPhoneSimulator.Build.0 = Debug|iPhoneSimulator
		{89D52F19-AF8F-43E2-930E-BDBEF749406C}.Debug|x64.ActiveCfg = Debug|iPhone
		{89D52F19-AF8F-43E2-930E-BDBEF749406C}.Debug|x86.ActiveCfg = Debug|iPhone
		{89D52F19-AF8F-43E2-930E-BDBEF749406C}.Release|Any CPU.ActiveCfg = Release|iPhoneSimulator
		{89D52F19-AF8F-43E2-930E-BDBEF749406C}.Release|ARM.ActiveCfg = Release|iPhone
		{89D52F19-AF8F-43E2-930E-BDBEF749406C}.Release|iPhone.ActiveCfg = Release|iPhone
		{89D52F19-AF8F-43E2-930E-BDBEF749406C}.Release|iPhone.Build.0 = Release|iPhone
		{89D52F19-AF8F-43E2-930E-BDBEF749406C}.Release|iPhoneSimulator.ActiveCfg = Release|iPhoneSimulator
		{89D52F19-AF8F-43E2-930E-BDBEF749406C}.Release|iPhoneSimulator.Build.0 = Release|iPhoneSimulator
		{89D52F19-AF8F-43E2-930E-BDBEF749406C}.Release|x64.ActiveCfg = Release|iPhone
		{89D52F19-AF8F-43E2-930E-BDBEF749406C}.Release|x86.ActiveCfg = Release|iPhone
		{3785160A-7BD9-4306-BB5C-1001C70AF922}.Ad-Hoc|Any CPU.ActiveCfg = Release|x86
		{3785160A-7BD9-4306-BB5C-1001C70AF922}.Ad-Hoc|Any CPU.Build.0 = Release|x86
		{3785160A-7BD9-4306-BB5C-1001C70AF922}.Ad-Hoc|Any CPU.Deploy.0 = Release|x86
		{3785160A-7BD9-4306-BB5C-1001C70AF922}.Ad-Hoc|ARM.ActiveCfg = Release|ARM
		{3785160A-7BD9-4306-BB5C-1001C70AF922}.Ad-Hoc|ARM.Build.0 = Release|ARM
		{3785160A-7BD9-4306-BB5C-1001C70AF922}.Ad-Hoc|ARM.Deploy.0 = Release|ARM
		{3785160A-7BD9-4306-BB5C-1001C70AF922}.Ad-Hoc|iPhone.ActiveCfg = Release|x86
		{3785160A-7BD9-4306-BB5C-1001C70AF922}.Ad-Hoc|iPhone.Build.0 = Release|x86
		{3785160A-7BD9-4306-BB5C-1001C70AF922}.Ad-Hoc|iPhone.Deploy.0 = Release|x86
		{3785160A-7BD9-4306-BB5C-1001C70AF922}.Ad-Hoc|iPhoneSimulator.ActiveCfg = Release|x86
		{3785160A-7BD9-4306-BB5C-1001C70AF922}.Ad-Hoc|iPhoneSimulator.Build.0 = Release|x86
		{3785160A-7BD9-4306-BB5C-1001C70AF922}.Ad-Hoc|iPhoneSimulator.Deploy.0 = Release|x86
		{3785160A-7BD9-4306-BB5C-1001C70AF922}.Ad-Hoc|x64.ActiveCfg = Release|x64
		{3785160A-7BD9-4306-BB5C-1001C70AF922}.Ad-Hoc|x64.Build.0 = Release|x64
		{3785160A-7BD9-4306-BB5C-1001C70AF922}.Ad-Hoc|x64.Deploy.0 = Release|x64
		{3785160A-7BD9-4306-BB5C-1001C70AF922}.Ad-Hoc|x86.ActiveCfg = Release|x86
		{3785160A-7BD9-4306-BB5C-1001C70AF922}.Ad-Hoc|x86.Build.0 = Release|x86
		{3785160A-7BD9-4306-BB5C-1001C70AF922}.Ad-Hoc|x86.Deploy.0 = Release|x86
		{3785160A-7BD9-4306-BB5C-1001C70AF922}.AppStore|Any CPU.ActiveCfg = Release|x86
		{3785160A-7BD9-4306-BB5C-1001C70AF922}.AppStore|Any CPU.Build.0 = Release|x86
		{3785160A-7BD9-4306-BB5C-1001C70AF922}.AppStore|Any CPU.Deploy.0 = Release|x86
		{3785160A-7BD9-4306-BB5C-1001C70AF922}.AppStore|ARM.ActiveCfg = Release|ARM
		{3785160A-7BD9-4306-BB5C-1001C70AF922}.AppStore|ARM.Build.0 = Release|ARM
		{3785160A-7BD9-4306-BB5C-1001C70AF922}.AppStore|ARM.Deploy.0 = Release|ARM
		{3785160A-7BD9-4306-BB5C-1001C70AF922}.AppStore|iPhone.ActiveCfg = Release|x86
		{3785160A-7BD9-4306-BB5C-1001C70AF922}.AppStore|iPhone.Build.0 = Release|x86
		{3785160A-7BD9-4306-BB5C-1001C70AF922}.AppStore|iPhone.Deploy.0 = Release|x86
		{3785160A-7BD9-4306-BB5C-1001C70AF922}.AppStore|iPhoneSimulator.ActiveCfg = Release|x86
		{3785160A-7BD9-4306-BB5C-1001C70AF922}.AppStore|iPhoneSimulator.Build.0 = Release|x86
		{3785160A-7BD9-4306-BB5C-1001C70AF922}.AppStore|iPhoneSimulator.Deploy.0 = Release|x86
		{3785160A-7BD9-4306-BB5C-1001C70AF922}.AppStore|x64.ActiveCfg = Release|x64
		{3785160A-7BD9-4306-BB5C-1001C70AF922}.AppStore|x64.Build.0 = Release|x64
		{3785160A-7BD9-4306-BB5C-1001C70AF922}.AppStore|x64.Deploy.0 = Release|x64
		{3785160A-7BD9-4306-BB5C-1001C70AF922}.AppStore|x86.ActiveCfg = Release|x86
		{3785160A-7BD9-4306-BB5C-1001C70AF922}.AppStore|x86.Build.0 = Release|x86
		{3785160A-7BD9-4306-BB5C-1001C70AF922}.AppStore|x86.Deploy.0 = Release|x86
		{3785160A-7BD9-4306-BB5C-1001C70AF922}.Debug|Any CPU.ActiveCfg = Debug|x86
		{3785160A-7BD9-4306-BB5C-1001C70AF922}.Debug|ARM.ActiveCfg = Debug|ARM
		{3785160A-7BD9-4306-BB5C-1001C70AF922}.Debug|ARM.Build.0 = Debug|ARM
		{3785160A-7BD9-4306-BB5C-1001C70AF922}.Debug|ARM.Deploy.0 = Debug|ARM
		{3785160A-7BD9-4306-BB5C-1001C70AF922}.Debug|iPhone.ActiveCfg = Debug|x86
		{3785160A-7BD9-4306-BB5C-1001C70AF922}.Debug|iPhoneSimulator.ActiveCfg = Debug|x86
		{3785160A-7BD9-4306-BB5C-1001C70AF922}.Debug|x64.ActiveCfg = Debug|x64
		{3785160A-7BD9-4306-BB5C-1001C70AF922}.Debug|x64.Build.0 = Debug|x64
		{3785160A-7BD9-4306-BB5C-1001C70AF922}.Debug|x64.Deploy.0 = Debug|x64
		{3785160A-7BD9-4306-BB5C-1001C70AF922}.Debug|x86.ActiveCfg = Debug|x86
		{3785160A-7BD9-4306-BB5C-1001C70AF922}.Debug|x86.Build.0 = Debug|x86
		{3785160A-7BD9-4306-BB5C-1001C70AF922}.Debug|x86.Deploy.0 = Debug|x86
		{3785160A-7BD9-4306-BB5C-1001C70AF922}.Release|Any CPU.ActiveCfg = Release|x86
		{3785160A-7BD9-4306-BB5C-1001C70AF922}.Release|ARM.ActiveCfg = Release|ARM
		{3785160A-7BD9-4306-BB5C-1001C70AF922}.Release|ARM.Build.0 = Release|ARM
		{3785160A-7BD9-4306-BB5C-1001C70AF922}.Release|ARM.Deploy.0 = Release|ARM
		{3785160A-7BD9-4306-BB5C-1001C70AF922}.Release|iPhone.ActiveCfg = Release|x86
		{3785160A-7BD9-4306-BB5C-1001C70AF922}.Release|iPhoneSimulator.ActiveCfg = Release|x86
		{3785160A-7BD9-4306-BB5C-1001C70AF922}.Release|x64.ActiveCfg = Release|x64
		{3785160A-7BD9-4306-BB5C-1001C70AF922}.Release|x64.Build.0 = Release|x64
		{3785160A-7BD9-4306-BB5C-1001C70AF922}.Release|x64.Deploy.0 = Release|x64
		{3785160A-7BD9-4306-BB5C-1001C70AF922}.Release|x86.ActiveCfg = Release|x86
		{3785160A-7BD9-4306-BB5C-1001C70AF922}.Release|x86.Build.0 = Release|x86
		{3785160A-7BD9-4306-BB5C-1001C70AF922}.Release|x86.Deploy.0 = Release|x86
	EndGlobalSection
	GlobalSection(SolutionProperties) = preSolution
		HideSolutionNode = FALSE
	EndGlobalSection
	GlobalSection(ExtensibilityGlobals) = postSolution
		SolutionGuid = {6BB1D3FD-9F55-420E-9183-07C01DFA4E54}
	EndGlobalSection
EndGlobal
